<?xml version="1.0" encoding="utf-8"?>
<Project ToolsVersion="4.0" xmlns="http://schemas.microsoft.com/developer/msbuild/2003">
  <ItemGroup>
    <Filter Include="Archivos de origen">
      <UniqueIdentifier>{4FC737F1-C7A5-4376-A066-2A32D752A2FF}</UniqueIdentifier>
      <Extensions>cpp;c;cc;cxx;def;odl;idl;hpj;bat;asm;asmx</Extensions>
    </Filter>
    <Filter Include="Archivos de encabezado">
      <UniqueIdentifier>{93995380-89BD-4b04-88EB-625FBE52EBFB}</UniqueIdentifier>
      <Extensions>h;hh;hpp;hxx;hm;inl;inc;ipp;xsd</Extensions>
    </Filter>
    <Filter Include="Archivos de recursos">
      <UniqueIdentifier>{67DA6AB6-F800-4c08-8B7A-83BB121AAD01}</UniqueIdentifier>
      <Extensions>rc;ico;cur;bmp;dlg;rc2;rct;bin;rgs;gif;jpg;jpeg;jpe;resx;tiff;tif;png;wav;mfcribbon-ms</Extensions>
    </Filter>
  </ItemGroup>
  <ItemGroup>
    <ClInclude Include="Move.h">
      <Filter>Archivos de recursos</Filter>
    </ClInclude>
    <ClInclude Include="Jump.h">
      <Filter>Archivos de recursos</Filter>
    </ClInclude>
    <ClInclude Include="Macros\AlienScripts.h">
      <Filter>Archivos de origen</Filter>
    </ClInclude>
    <ClInclude Include="TestClass.h">
      <Filter>Archivos de recursos</Filter>
    </ClInclude>
    <ClInclude Include="Test2.h">
      <Filter>Archivos de recursos</Filter>
    </ClInclude>
    <ClInclude Include="AAAAAAAAAA.h">
      <Filter>Archivos de recursos</Filter>
    </ClInclude>
    <ClInclude Include="Pull.h">
      <Filter>Archivos de recursos</Filter>
    </ClInclude>
    <ClInclude Include="Hit.h">
      <Filter>Archivos de recursos</Filter>
    </ClInclude>
    <ClInclude Include="Punch.h">
      <Filter>Archivos de recursos</Filter>
    </ClInclude>
    <ClInclude Include="Kick.h">
      <Filter>Archivos de recursos</Filter>
    </ClInclude>
    <ClInclude Include="Swim.h">
      <Filter>Archivos de recursos</Filter>
    </ClInclude>
    <ClInclude Include="NoImport.h">
      <Filter>Archivos de recursos</Filter>
    </ClInclude>
  </ItemGroup>
  <ItemGroup>
    <ClCompile Include="Move.cpp">
      <Filter>Archivos de recursos</Filter>
    </ClCompile>
    <ClCompile Include="Jump.cpp">
      <Filter>Archivos de recursos</Filter>
    </ClCompile>
    <ClCompile Include="Macros\dllmain.cpp">
      <Filter>Archivos de origen</Filter>
    </ClCompile>
    <ClCompile Include="TestClass.cpp">
      <Filter>Archivos de recursos</Filter>
    </ClCompile>
    <ClCompile Include="Test2.cpp">
      <Filter>Archivos de recursos</Filter>
    </ClCompile>
    <ClCompile Include="AAAAAAAAAA.cpp">
      <Filter>Archivos de recursos</Filter>
    </ClCompile>
    <ClCompile Include="Pull.cpp">
      <Filter>Archivos de recursos</Filter>
    </ClCompile>
    <ClCompile Include="Hit.cpp">
      <Filter>Archivos de recursos</Filter>
    </ClCompile>
    <ClCompile Include="Punch.cpp">
      <Filter>Archivos de recursos</Filter>
    </ClCompile>
    <ClCompile Include="Kick.cpp">
      <Filter>Archivos de recursos</Filter>
    </ClCompile>
    <ClCompile Include="Swim.cpp">
      <Filter>Archivos de recursos</Filter>
    </ClCompile>
    <ClCompile Include="NoImport.cpp">
      <Filter>Archivos de recursos</Filter>
    </ClCompile>
  </ItemGroup>
</Project>