
Microsoft Visual Studio Solution File, Format Version 12.00
# Visual Studio Version 16
VisualStudioVersion = 16.0.29123.88
MinimumVisualStudioVersion = 10.0.40219.1
Project("{8BC9CEB8-8B4A-11D0-8D11-00A0C91BC942}") = "Alien Engine", "Alien Engine\Alien Engine.vcxproj", "{2B733336-2A33-407B-93D6-A179C84AB569}"
EndProject
Project("{8BC9CEB8-8B4A-11D0-8D11-00A0C91BC942}") = "AlienEngineScripts", "CoreData\AlienEngineScripts\AlienEngineScripts.vcxproj", "{E3DD4AE4-9CAE-4F01-8B11-19E9627F734A}"
EndProject
Global
	GlobalSection(SolutionConfigurationPlatforms) = preSolution
		Debug|x64 = Debug|x64
		Debug|x86 = Debug|x86
		Release|x64 = Release|x64
		Release|x86 = Release|x86
	EndGlobalSection
	GlobalSection(ProjectConfigurationPlatforms) = postSolution
		{2B733336-2A33-407B-93D6-A179C84AB569}.Debug|x64.ActiveCfg = Debug|x64
		{2B733336-2A33-407B-93D6-A179C84AB569}.Debug|x64.Build.0 = Debug|x64
		{2B733336-2A33-407B-93D6-A179C84AB569}.Debug|x86.ActiveCfg = Debug|Win32
		{2B733336-2A33-407B-93D6-A179C84AB569}.Debug|x86.Build.0 = Debug|Win32
		{2B733336-2A33-407B-93D6-A179C84AB569}.Release|x64.ActiveCfg = Release|x64
		{2B733336-2A33-407B-93D6-A179C84AB569}.Release|x64.Build.0 = Release|x64
		{2B733336-2A33-407B-93D6-A179C84AB569}.Release|x86.ActiveCfg = Release|Win32
		{2B733336-2A33-407B-93D6-A179C84AB569}.Release|x86.Build.0 = Release|Win32
		{E3DD4AE4-9CAE-4F01-8B11-19E9627F734A}.Debug|x64.ActiveCfg = Debug|x64
		{E3DD4AE4-9CAE-4F01-8B11-19E9627F734A}.Debug|x64.Build.0 = Debug|x64
		{E3DD4AE4-9CAE-4F01-8B11-19E9627F734A}.Debug|x86.ActiveCfg = Debug|Win32
		{E3DD4AE4-9CAE-4F01-8B11-19E9627F734A}.Debug|x86.Build.0 = Debug|Win32
		{E3DD4AE4-9CAE-4F01-8B11-19E9627F734A}.Release|x64.ActiveCfg = Release|x64
		{E3DD4AE4-9CAE-4F01-8B11-19E9627F734A}.Release|x64.Build.0 = Release|x64
		{E3DD4AE4-9CAE-4F01-8B11-19E9627F734A}.Release|x86.ActiveCfg = Release|Win32
		{E3DD4AE4-9CAE-4F01-8B11-19E9627F734A}.Release|x86.Build.0 = Release|Win32
	EndGlobalSection
	GlobalSection(SolutionProperties) = preSolution
		HideSolutionNode = FALSE
	EndGlobalSection
	GlobalSection(ExtensibilityGlobals) = postSolution
		SolutionGuid = {767336DE-30AF-4CE0-AF72-6125E236DEB7}
	EndGlobalSection
EndGlobal
